# Generated by conda-lock.
# platform: osx-64
# input_hash: a4c04bd9353fb0ddda6954a0064389f530e84d037783c627556eaeae636ec896
@EXPLICIT
https://conda.anaconda.org/conda-forge/noarch/_r-mutex-1.0.1-anacondar_1.tar.bz2#19f9db5f4f1b7f5ef5f6d67207f25f38
https://conda.anaconda.org/conda-forge/noarch/font-ttf-dejavu-sans-mono-2.37-hab24e00_0.tar.bz2#0c96522c6bdaed4b1566d11387caaf45
https://conda.anaconda.org/conda-forge/noarch/font-ttf-inconsolata-3.000-h77eed37_0.tar.bz2#34893075a5c9e55cdafac56607368fc6
https://conda.anaconda.org/conda-forge/noarch/font-ttf-source-code-pro-2.038-h77eed37_0.tar.bz2#4d59c254e01d9cde7957100457e2d5fb
https://conda.anaconda.org/conda-forge/noarch/font-ttf-ubuntu-0.83-h77eed37_3.conda#49023d73832ef61042f6a237cb2687e7
https://conda.anaconda.org/conda-forge/osx-64/fribidi-1.0.10-hbcb3906_0.tar.bz2#f1c6b41e0f56998ecd9a3e210faa1dc0
https://conda.anaconda.org/conda-forge/osx-64/icu-73.2-hf5e326d_0.conda#5cc301d759ec03f28328428e28f65591
https://conda.anaconda.org/conda-forge/osx-64/libev-4.33-h10d778d_2.conda#899db79329439820b7e8f8de41bca902
https://conda.anaconda.org/conda-forge/osx-64/libgcc-4.8.5-1.tar.bz2#954bdf42de0d03eac9aae517dd7ebcf9
https://conda.anaconda.org/conda-forge/noarch/libgfortran-devel_osx-64-12.4.0-h3f4828c_105.conda#718c32156d4a0702b829d5f01ee96c55
https://conda.anaconda.org/conda-forge/osx-64/perl-5.22.2.1-0.tar.bz2#0a93087373b1d4a1b629486ba87ffd13
https://conda.anaconda.org/conda-forge/noarch/python_abi-3.12-7_cp312.conda#0dfcdc155cf23812a0c9deada86fb723
https://conda.anaconda.org/conda-forge/noarch/tzdata-2025b-h78e105d_0.conda#4222072737ccff51314b5ece9c7d6f5a
https://conda.anaconda.org/conda-forge/osx-64/yaml-0.2.5-h0d85af4_2.tar.bz2#d7e08fcf8259d742156188e8762b4d20
https://conda.anaconda.org/conda-forge/osx-64/bzip2-1.0.8-hfdf4475_7.conda#7ed4301d437b59045be7e051a0308211
https://conda.anaconda.org/conda-forge/osx-64/c-ares-1.34.5-hf13058a_0.conda#eafe5d9f1a8c514afe41e6e833f66dfd
https://conda.anaconda.org/conda-forge/noarch/ca-certificates-2025.7.14-hbd8a1cb_0.conda#d16c90324aef024877d8713c0b7fea5b
https://conda.anaconda.org/conda-forge/noarch/fonts-conda-forge-1-0.tar.bz2#f766549260d6815b0c52253f1fb1bb29
https://conda.anaconda.org/conda-forge/osx-64/isa-l-2.31.1-h6e16a3a_1.conda#ce862c9411f9c675a0d322a049b8689f
https://conda.anaconda.org/bioconda/osx-64/jq-1.5-0.tar.bz2#ba074d94b6fcab0caffd3ab32d8c2757
https://conda.anaconda.org/conda-forge/osx-64/libcxx-20.1.8-hf95d169_0.conda#8f8448b9b4cd3c698b822e0038d65940
https://conda.anaconda.org/conda-forge/osx-64/libdeflate-1.22-h00291cd_0.conda#a15785ccc62ae2a8febd299424081efb
https://conda.anaconda.org/conda-forge/osx-64/libexpat-2.7.1-h21dd04a_0.conda#9fdeae0b7edda62e989557d645769515
https://conda.anaconda.org/conda-forge/osx-64/libffi-3.4.6-h281671d_1.conda#4ca9ea59839a9ca8df84170fab4ceb41
https://conda.anaconda.org/conda-forge/osx-64/libiconv-1.18-h4b5e92a_1.conda#6283140d7b2b55b6b095af939b71b13f
https://conda.anaconda.org/conda-forge/osx-64/libjpeg-turbo-3.1.0-h6e16a3a_0.conda#87537967e6de2f885a9fcebd42b7cb10
https://conda.anaconda.org/conda-forge/osx-64/liblzma-5.8.1-hd471939_2.conda#8468beea04b9065b9807fc8b9cdc5894
https://conda.anaconda.org/conda-forge/osx-64/libwebp-base-1.6.0-hb807250_0.conda#7bb6608cf1f83578587297a158a6630b
https://conda.anaconda.org/conda-forge/osx-64/libzlib-1.3.1-hd23fc13_2.conda#003a54a4e32b02f7355b50a837e699da
https://conda.anaconda.org/conda-forge/osx-64/llvm-openmp-20.1.8-hf4e0ed4_0.conda#ab3b31ebe0afdf903fa5ac7f13357e39
https://conda.anaconda.org/conda-forge/osx-64/make-4.4.1-h00291cd_2.conda#59b4ad97bbb36ef5315500d5bde4bcfc
https://conda.anaconda.org/conda-forge/osx-64/ncurses-6.5-h0622a9a_3.conda#ced34dd9929f491ca6dab6a2927aff25
https://conda.anaconda.org/bioconda/noarch/perl-threaded-5.32.1-hdfd78af_1.tar.bz2#7ec21ca86ddac0449501c2463370b714
https://conda.anaconda.org/conda-forge/noarch/fonts-conda-ecosystem-1-0.tar.bz2#fee5683a3f04bd15cbd8318b096a27ab
https://conda.anaconda.org/conda-forge/osx-64/gmp-6.3.0-hf036a51_2.conda#427101d13f19c4974552a4e5b072eef1
https://conda.anaconda.org/conda-forge/osx-64/graphite2-1.3.14-h240833e_0.conda#4b0af0e3ba3b3bb8e28d009a8ed1ab35
https://conda.anaconda.org/conda-forge/osx-64/isl-0.26-imath32_h2e86a7b_101.conda#d06222822a9144918333346f145b68c6
https://conda.anaconda.org/conda-forge/osx-64/lerc-4.0.0-hcca01a6_1.conda#21f765ced1a0ef4070df53cb425e1967
https://conda.anaconda.org/conda-forge/osx-64/libasprintf-0.25.1-h27064b9_0.conda#85640cd9c1c4a60cfb37898a9095f1c5
https://conda.anaconda.org/conda-forge/osx-64/libcxx-devel-19.1.7-h7c275be_1.conda#0f3f15e69e98ce9b3307c1d8309d1659
https://conda.anaconda.org/conda-forge/osx-64/libedit-3.1.20250104-pl5321ha958ccf_0.conda#1f4ed31220402fcddc083b4bff406868
https://conda.anaconda.org/conda-forge/osx-64/libgfortran5-14.2.0-h51e75f0_103.conda#6183f7e9cd1e7ba20118ff0ca20a05e5
https://conda.anaconda.org/conda-forge/osx-64/libintl-0.25.1-h27064b9_0.conda#27e7ef1f0d8c47ae5acd6e0e15c08f8d
https://conda.anaconda.org/conda-forge/osx-64/liblzma-devel-5.8.1-hd471939_2.conda#2e16f5b4f6c92b96f6a346f98adc4e3e
https://conda.anaconda.org/conda-forge/osx-64/libpng-1.6.50-h3c4a55f_0.conda#0b750895b4a3cbd06e685f86c24c205d
https://conda.anaconda.org/conda-forge/osx-64/libsqlite-3.50.2-h39a8b3b_2.conda#065c33b28348792d77ff0d5571541d5e
https://conda.anaconda.org/bioconda/osx-64/ncbi-vdb-3.2.1-h5fa12a8_0.tar.bz2#9d002e46dd389ee463d90eb2848a5718
https://conda.anaconda.org/conda-forge/osx-64/openjdk-23.0.2-h18c9476_2.conda#e8b746e8947c0dab5aeb7a26b8bce2ad
https://conda.anaconda.org/conda-forge/osx-64/openssl-3.5.1-hc426f3f_0.conda#f1ac2dbc36ce2017bd8f471960b1261d
https://conda.anaconda.org/conda-forge/osx-64/pbzip2-1.1.13-h92b232e_2.conda#d1da539e2ca1e5d1e77ccaa0183aa5f9
https://conda.anaconda.org/conda-forge/osx-64/pcre2-10.44-hf733adb_2.conda#c6873588a8175130eb931e91e80416c2
https://conda.anaconda.org/bioconda/osx-64/perl-uri-1.71-0.tar.bz2#bc9ba9aad7fb11936e2951d4e383404f
https://conda.anaconda.org/bioconda/osx-64/perl-xml-namespacesupport-1.11-0.tar.bz2#009535ca492357ca6ebcc25d8a9bc7e3
https://conda.anaconda.org/bioconda/osx-64/perl-xml-sax-base-1.08-0.tar.bz2#d91c7ccc6ec866c99f2312db4c864e1f
https://conda.anaconda.org/conda-forge/osx-64/pigz-2.8-h0aa47d9_1.conda#c1df1cdb8f945e895376824c4e53d8df
https://conda.anaconda.org/conda-forge/osx-64/pixman-0.46.2-h1fd1274_0.conda#e1e0595633f79ce40f3fba9a337a155b
https://conda.anaconda.org/conda-forge/osx-64/readline-8.2-h7cca4af_2.conda#342570f8e02f2f022147a7f841475784
https://conda.anaconda.org/conda-forge/osx-64/tapi-1300.6.5-h390ca13_0.conda#c6ee25eb54accb3f1c8fc39203acfaf1
https://conda.anaconda.org/conda-forge/osx-64/tk-8.6.13-hf689a15_2.conda#9864891a6946c2fe037c02fca7392ab4
https://conda.anaconda.org/conda-forge/osx-64/xz-gpl-tools-5.8.1-h357f2ed_2.conda#d4044359fad6af47224e9ef483118378
https://conda.anaconda.org/conda-forge/osx-64/xz-tools-5.8.1-hd471939_2.conda#349148960ad74aece88028f2b5c62c51
https://conda.anaconda.org/conda-forge/osx-64/zlib-1.3.1-hd23fc13_2.conda#c989e0295dcbdc08106fe5d9e935f0b9
https://conda.anaconda.org/conda-forge/osx-64/zlib-ng-2.2.4-h04d1b7c_0.conda#d64ff92dd092ae9647598e32827beef4
https://conda.anaconda.org/conda-forge/osx-64/zstd-1.5.7-h8210216_2.conda#cd60a4a5a8d6a476b30d8aa4bb49251a
https://conda.anaconda.org/conda-forge/osx-64/bwidget-1.10.1-h694c41f_1.conda#42abba4764f9d776456ca566e07d8d3a
https://conda.anaconda.org/conda-forge/osx-64/krb5-1.21.3-h37d8d59_0.conda#d4765c524b1d91567886bde656fb514b
https://conda.anaconda.org/conda-forge/osx-64/libfreetype6-2.13.3-h40dfd5c_1.conda#c76e6f421a0e95c282142f820835e186
https://conda.anaconda.org/conda-forge/osx-64/libgettextpo-0.25.1-h27064b9_0.conda#08c2a36c2e053679aa688353afa2c281
https://conda.anaconda.org/conda-forge/osx-64/libgfortran-5.0.0-14_2_0_h51e75f0_103.conda#090b3c9ae1282c8f9b394ac9e4773b10
https://conda.anaconda.org/conda-forge/osx-64/libglib-2.84.0-h5c976ab_0.conda#9d9e772b8e01ce350ddff9b277503514
https://conda.anaconda.org/conda-forge/osx-64/libnghttp2-1.64.0-hc7306c3_0.conda#ab21007194b97beade22ceb7a3f6fee5
https://conda.anaconda.org/conda-forge/osx-64/libssh2-1.11.1-hed3591d_0.conda#a6cb15db1c2dc4d3a5f6cf3772e09e81
https://conda.anaconda.org/conda-forge/osx-64/libtiff-4.7.0-hf4bdac2_2.conda#99a4153a4ee19d4902c0c08bfae4cdb4
https://conda.anaconda.org/conda-forge/osx-64/mpfr-4.2.1-haed47dc_3.conda#d511e58aaaabfc23136880d9956fa7a6
https://conda.anaconda.org/bioconda/osx-64/perl-xml-sax-0.99-0.tar.bz2#6914916eba6770587cda36b86012e3fa
https://conda.anaconda.org/conda-forge/osx-64/python-3.12.11-h9ccd52b_0_cpython.conda#06049132ecd09d0c1dc3d54d93cf1d5d
https://conda.anaconda.org/conda-forge/osx-64/sigtool-0.1.3-h88f4db0_0.tar.bz2#fbfb84b9de9a6939cb165c02c69b1865
https://conda.anaconda.org/conda-forge/osx-64/tktable-2.10-h2c093e9_7.conda#6a16e39eaafcab4ab34c3f2af0966645
https://conda.anaconda.org/conda-forge/osx-64/xz-5.8.1-h357f2ed_2.conda#7eee908c7df8478c1f35b28efa2e42b1
https://conda.anaconda.org/conda-forge/noarch/argcomplete-3.6.2-pyhd8ed1ab_0.conda#eb9d4263271ca287d2e0cf5a86da2d3a
https://conda.anaconda.org/conda-forge/osx-64/libcurl-8.14.1-h5dec5d8_0.conda#8738cd19972c3599400404882ddfbc24
https://conda.anaconda.org/conda-forge/osx-64/libfreetype-2.13.3-h694c41f_1.conda#07c8d3fbbe907f32014b121834b36dd5
https://conda.anaconda.org/conda-forge/osx-64/libopenblas-0.3.30-openmp_hbf64a52_0.conda#29c54869a3c7d33b6a0add39c5a325fe
https://conda.anaconda.org/conda-forge/osx-64/libxml2-2.12.7-hc603aa4_3.conda#c188d96aea8eaa16efec573fe36a9a13
https://conda.anaconda.org/conda-forge/osx-64/mpc-1.3.1-h9d8efa1_1.conda#0520855aaae268ea413d6bc913f1384c
https://conda.anaconda.org/conda-forge/noarch/pycparser-2.22-pyh29332c3_1.conda#12c566707c80111f9799308d9e265aef
https://conda.anaconda.org/conda-forge/osx-64/python-isal-1.7.2-py312h01d7ebd_0.conda#9055ba07300a62ac45785636f7a1a4c0
https://conda.anaconda.org/conda-forge/osx-64/python-zlib-ng-0.5.1-py312hf6db244_0.conda#52adb25a6c4f07f3679a75ae4de90bd3
https://conda.anaconda.org/conda-forge/osx-64/pyyaml-6.0.2-py312h3520af0_2.conda#4a2d83ac55752681d54f781534ddd209
https://conda.anaconda.org/conda-forge/noarch/setuptools-80.9.0-pyhff2d567_0.conda#4de79c071274a53dcaf2a8c749d1499e
https://conda.anaconda.org/conda-forge/noarch/toml-0.10.2-pyhd8ed1ab_1.conda#b0dd904de08b7db706167240bf37b164
https://conda.anaconda.org/conda-forge/noarch/tomlkit-0.13.3-pyha770c72_0.conda#146402bf0f11cbeb8f781fa4309a95d3
https://conda.anaconda.org/conda-forge/noarch/wheel-0.45.1-pyhd8ed1ab_1.conda#75cb7132eb58d97896e173ef12ac9986
https://conda.anaconda.org/conda-forge/noarch/xmltodict-0.14.2-pyhd8ed1ab_1.conda#96ef17b8734b174d35346da0762f0137
https://conda.anaconda.org/conda-forge/osx-64/cffi-1.17.1-py312hf857d28_0.conda#5bbc69b8194fedc2792e451026cac34f
https://conda.anaconda.org/conda-forge/osx-64/curl-8.14.1-h5dec5d8_0.conda#2b76da8135d9a77e90bb858cbf7b67e2
https://conda.anaconda.org/conda-forge/osx-64/freetype-2.13.3-h694c41f_1.conda#126dba1baf5030cb6f34533718924577
https://conda.anaconda.org/conda-forge/osx-64/gfortran_impl_osx-64-12.4.0-hb2d385b_105.conda#744f096ed2f5dc16076cfc3673900817
https://conda.anaconda.org/bioconda/osx-64/htslib-1.22.1-h9f635df_0.tar.bz2#aa42421d658fc72e59f1bb291ca366ed
https://conda.anaconda.org/conda-forge/osx-64/libblas-3.9.0-32_h7f60823_openblas.conda#0f7197e3b4ecfa8aa24a371c3eaabb8a
https://conda.anaconda.org/conda-forge/osx-64/libhwloc-2.11.2-default_hb6fbd3b_1000.conda#b59efe292f2f737cfa48fea2d6fc95d6
https://conda.anaconda.org/conda-forge/osx-64/libllvm19-19.1.2-h1e63acb_0.conda#f71d5443e58de8b821ba9fce74447b23
https://conda.anaconda.org/bioconda/osx-64/perl-xml-libxml-2.0124-0.tar.bz2#12e014af2493af79b47608872ca08c2d
https://conda.anaconda.org/conda-forge/noarch/pip-25.1.1-pyh8b19718_0.conda#32d0781ace05105cc99af55d36cbec7c
https://conda.anaconda.org/conda-forge/noarch/yq-3.4.3-pyhe01879c_2.conda#18cefe7c50c1228da474ea0e95a8e646
https://conda.anaconda.org/conda-forge/osx-64/fontconfig-2.15.0-h37eeddb_1.conda#84ccec5ee37eb03dd352db0a3f89ada3
https://conda.anaconda.org/conda-forge/osx-64/ld64_osx-64-951.9-h3c7722d_1.conda#037fbd1bbc7873f53bf23d0cc3057d90
https://conda.anaconda.org/conda-forge/osx-64/libclang-cpp19.1-19.1.2-default_hed3c1ff_1.conda#853eea82ab64ab384457f61916c21659
https://conda.anaconda.org/conda-forge/osx-64/liblapack-3.9.0-32_h236ab99_openblas.conda#ccdca0c0730ad795e064d81dbe540723
https://conda.anaconda.org/conda-forge/osx-64/llvm-tools-19-19.1.2-h65ece69_0.conda#f175827e6e194f263e2265248f4a0fac
https://conda.anaconda.org/bioconda/osx-64/samtools-1.22.1-ha21ef43_0.tar.bz2#f0241f97ff017dc8ab3d716dcfaa605a
https://conda.anaconda.org/bioconda/osx-64/sra-tools-3.2.1-h5fa12a8_1.tar.bz2#1f81410e7021ba63c3a0743de4c49d10
https://conda.anaconda.org/conda-forge/osx-64/tbb-2022.1.0-h479f576_0.conda#b6db6c7fca27db0ce9628e10b4febd3a
https://conda.anaconda.org/conda-forge/osx-64/zstandard-0.23.0-py312h01d7ebd_2.conda#64aea64b791ab756ef98c79f0e48fee5
https://conda.anaconda.org/bioconda/osx-64/bowtie-1.3.1-py312ha493637_10.tar.bz2#f778ebcc311f0c3b23a02fe1337095b8
https://conda.anaconda.org/conda-forge/osx-64/cairo-1.18.0-h9f650ed_2.conda#d264e5b9759cab8d203cdfe43eabd8b5
https://conda.anaconda.org/conda-forge/osx-64/clang-19-19.1.2-default_hed3c1ff_1.conda#e889ee996ea56d01df286ee68678c7c7
https://conda.anaconda.org/bioconda/noarch/fastqc-0.12.1-hdfd78af_0.tar.bz2#c9f6a4b12229f7331f79c9a00dd6e240
https://conda.anaconda.org/conda-forge/osx-64/llvm-tools-19.1.2-h062cec2_0.conda#5290783e1a3f8b7c38efd3c5d76d8fff
https://conda.anaconda.org/conda-forge/noarch/xopen-2.0.2-pyh707e725_2.conda#afacb06c53d3e8dfb8462023436a25bb
https://conda.anaconda.org/conda-forge/osx-64/cctools_osx-64-1010.6-hd0ff2cf_1.conda#0fdd5399ddb037f512e0a44edae7032e
https://conda.anaconda.org/conda-forge/osx-64/clang-19.1.2-default_h4bb2e93_1.conda#9e74e29c1d1c79b69fd9c96b4178c440
https://conda.anaconda.org/bioconda/osx-64/dnaio-1.2.2-py312h68c8633_0.tar.bz2#7a9c7629598952224d2be92b57a41890
https://conda.anaconda.org/conda-forge/osx-64/harfbuzz-9.0.0-h053f038_0.conda#0a4256cad662dc36666221a2a8daa34e
https://conda.anaconda.org/conda-forge/osx-64/clangxx-19.1.2-default_h4bb2e93_1.conda#73a2305bc44785e511c9b9ae2305a65e
https://conda.anaconda.org/conda-forge/noarch/compiler-rt_osx-64-19.1.2-h9518668_0.conda#2e19684e70c73c8e7dcc1cce12268e0c
https://conda.anaconda.org/bioconda/osx-64/cutadapt-5.1-py312h73b7c68_0.tar.bz2#d54e26538659f68766d81ad25f2759d2
https://conda.anaconda.org/conda-forge/osx-64/pango-1.54.0-h115fe74_2.conda#9bfd18e7d9292154b2b79ddb7145f9cf
https://conda.anaconda.org/conda-forge/osx-64/compiler-rt-19.1.2-hf2491d2_0.conda#c76b503161bca7969e8f49421b1250b5
https://conda.anaconda.org/bioconda/noarch/trim-galore-0.6.10-hdfd78af_1.tar.bz2#67b36a326f55cd5b3f0816c33ee77fcb
https://conda.anaconda.org/conda-forge/osx-64/clang_impl_osx-64-19.1.2-h0cd9531_21.conda#7ae6065fcc8a3379d8b681dfb930d0f1
https://conda.anaconda.org/conda-forge/osx-64/clang_osx-64-19.1.2-hb91bd55_21.conda#34dc576db8e56b34bf49f386a2fdcf22
https://conda.anaconda.org/conda-forge/osx-64/clangxx_impl_osx-64-19.1.2-he23d97b_21.conda#46758bbc74251baa97e351581fe03ac0
https://conda.anaconda.org/conda-forge/osx-64/gfortran_osx-64-12.4.0-h3223c34_1.conda#70a52fa8b591b13b84aec06c3a31f62f
https://conda.anaconda.org/conda-forge/osx-64/clangxx_osx-64-19.1.2-hb91bd55_21.conda#6a735b7d805adbb2386929db47d4d2a3
https://conda.anaconda.org/conda-forge/osx-64/r-base-4.2.3-h2f142dd_14.conda#1aa47003f0ada4e7e173522adda7f682
https://conda.anaconda.org/bioconda/noarch/bioconductor-biocgenerics-0.44.0-r42hdfd78af_0.tar.bz2#ad7705e81b15e89b8aac79e3c7e0c596
https://conda.anaconda.org/bioconda/noarch/bioconductor-data-packages-20250625-hdfd78af_0.tar.bz2#34d7066b99d7e6769305dcebf0a9de87
https://conda.anaconda.org/bioconda/osx-64/bioconductor-zlibbioc-1.44.0-r42h4c50009_2.tar.bz2#7ab094f61e4913acd3c2c7025348d8ae
https://conda.anaconda.org/conda-forge/noarch/r-bh-1.84.0_0-r42hc72bb7e_0.conda#b76de87dcae12f856e0f2ca5892cf5c9
https://conda.anaconda.org/conda-forge/osx-64/r-bit-4.0.5-r42h6dc245f_1.conda#31b6934d019a5f467f7b1719be9b8d3f
https://conda.anaconda.org/conda-forge/osx-64/r-bitops-1.0_7-r42h6dc245f_2.conda#6ede1c4ac38c0e3377fec414bbab158b
https://conda.anaconda.org/conda-forge/osx-64/r-cli-3.6.3-r42h25d921d_0.conda#48207b475562e794cc9395540aa5b305
https://conda.anaconda.org/conda-forge/noarch/r-codetools-0.2_20-r42hc72bb7e_0.conda#a9e9276ab95d053b9db56159cfeda2c9
https://conda.anaconda.org/conda-forge/osx-64/r-colorspace-2.1_0-r42h6dc245f_1.conda#92fa612a4593d6301d6062488c07180d
https://conda.anaconda.org/conda-forge/noarch/r-cpp11-0.5.2-r42hc72bb7e_0.conda#b5301b69519771c1ab4e4d4175a4d798
https://conda.anaconda.org/conda-forge/noarch/r-crayon-1.5.3-r42hc72bb7e_0.conda#4a74a6114bbea1ad8d488e99b83df3da
https://conda.anaconda.org/conda-forge/osx-64/r-curl-5.1.0-r42h0100ac3_0.conda#72b3eab45718cacede5780722162a04d
https://conda.anaconda.org/conda-forge/noarch/r-dbi-1.2.3-r42hc72bb7e_0.conda#b283bb5431a4b960cfa3f82043d1437b
https://conda.anaconda.org/conda-forge/osx-64/r-fansi-1.0.6-r42hb2c329c_0.conda#3efdd06892f89d6302fe244b08222116
https://conda.anaconda.org/conda-forge/osx-64/r-farver-2.1.2-r42h25d921d_0.conda#01ab29f7f8d3ba4dd5f702cf82c92b17
https://conda.anaconda.org/conda-forge/osx-64/r-fastmap-1.2.0-r42h25d921d_0.conda#5ab6c8c57d25eab12c50f5c9373fc0b6
https://conda.anaconda.org/conda-forge/noarch/r-formatr-1.14-r42hc72bb7e_1.conda#5f3a9262f18e0eb806d688f110938ca9
https://conda.anaconda.org/conda-forge/noarch/r-futile.options-1.0.1-r42hc72bb7e_1004.conda#7c630b9ab8098aa41937b5e061d7ae35
https://conda.anaconda.org/conda-forge/osx-64/r-glue-1.7.0-r42hb2c329c_0.conda#abdb83aec405cc8f7f50dc2415d0118d
https://conda.anaconda.org/conda-forge/osx-64/r-isoband-0.2.7-r42hac7d2d5_2.conda#f44c51e2d368128d475dd23b51690750
https://conda.anaconda.org/conda-forge/osx-64/r-jsonlite-1.8.8-r42hb2c329c_0.conda#f626218a9476cfa81c8fef7e42b8bb51
https://conda.anaconda.org/conda-forge/noarch/r-labeling-0.4.3-r42hc72bb7e_0.conda#b9b940011dd81d8b60859fcd0d9775f4
https://conda.anaconda.org/conda-forge/osx-64/r-lattice-0.22_6-r42hb2c329c_0.conda#35bea0f6b21e9d3e2f38b9d956e9a4be
https://conda.anaconda.org/conda-forge/osx-64/r-magrittr-2.0.3-r42h6dc245f_2.conda#d38d6d1199608fe32aba6b6e934dee44
https://conda.anaconda.org/conda-forge/osx-64/r-mass-7.3_60.0.1-r42hb2c329c_0.conda#de457309129ee8453f78758148a632c7
https://conda.anaconda.org/conda-forge/osx-64/r-matrixstats-1.3.0-r42hb2c329c_0.conda#70356178c975d4659bdb4f7fe8bb7c86
https://conda.anaconda.org/conda-forge/osx-64/r-mime-0.12-r42h6dc245f_2.conda#e33d4e5d4c2c120b5572a84ce27c23dd
https://conda.anaconda.org/conda-forge/noarch/r-pkgconfig-2.0.3-r42hc72bb7e_3.conda#469b66f84a5d234689b423c9821b188c
https://conda.anaconda.org/conda-forge/noarch/r-plogr-0.2.0-r42hc72bb7e_1005.conda#a5e3af4a9dd9498cbbaac8ce73cdc877
https://conda.anaconda.org/conda-forge/osx-64/r-png-0.1_8-r42h9ae9e50_1.conda#8371d40a432155d95d0caefcf6972bad
https://conda.anaconda.org/conda-forge/noarch/r-r6-2.5.1-r42hc72bb7e_2.conda#1473a12b55128f8ac776ae5595a4d0cb
https://conda.anaconda.org/conda-forge/noarch/r-rcolorbrewer-1.1_3-r42h785f33e_2.conda#b7b475c73493f70cbbb9d7213b94aed1
https://conda.anaconda.org/conda-forge/osx-64/r-rcpp-1.0.12-r42h29979af_0.conda#b320d7a5221bea68b3c51232eef50ee4
https://conda.anaconda.org/conda-forge/osx-64/r-rlang-1.1.4-r42h25d921d_0.conda#517e22c9f7d399ff3858c31103fca717
https://conda.anaconda.org/conda-forge/noarch/r-snow-0.4_4-r42hc72bb7e_2.conda#97cc50b630391cbc89ea70425ebb6ade
https://conda.anaconda.org/conda-forge/osx-64/r-stringi-1.8.4-r42ha6447fb_0.conda#9c45a8b08769ff230d9131b47506866c
https://conda.anaconda.org/conda-forge/osx-64/r-sys-3.4.2-r42h6dc245f_1.conda#9d7f81ed89979fde9b8fca215d9c62d3
https://conda.anaconda.org/conda-forge/osx-64/r-utf8-1.2.4-r42hb2c329c_0.conda#e2e23819f871963653e90da8c8dc47e9
https://conda.anaconda.org/conda-forge/noarch/r-viridislite-0.4.2-r42hc72bb7e_1.conda#e7a6483f639fb958747100bd17550ed6
https://conda.anaconda.org/conda-forge/noarch/r-withr-3.0.0-r42hc72bb7e_0.conda#972eaab581c25fff9ea6986aa6ab281a
https://conda.anaconda.org/conda-forge/osx-64/r-xml-3.99_0.17-r42h695470d_0.conda#dc0b74305d6b0f093eb3bc143315856b
https://conda.anaconda.org/conda-forge/noarch/r-xtable-1.8_4-r42hc72bb7e_5.conda#07daad79fd80a6a8483dc4a6a2f9479e
https://conda.anaconda.org/conda-forge/osx-64/r-zip-2.3.1-r42hb2c329c_0.conda#abce0641ff0f0e1c559e344819747b39
https://conda.anaconda.org/bioconda/osx-64/bioconductor-biobase-2.58.0-r42h4c50009_1.tar.bz2#0ec3acd3ced3927aacaaa51f3798329c
https://conda.anaconda.org/bioconda/noarch/bioconductor-genomeinfodbdata-1.2.9-r42hdfd78af_0.tar.bz2#4af93b040f3a44af5804ab44066ee7cd
https://conda.anaconda.org/bioconda/noarch/bioconductor-matrixgenerics-1.10.0-r42hdfd78af_0.tar.bz2#5ef80e5c26d03a75d62e2ee02054e665
https://conda.anaconda.org/bioconda/osx-64/bioconductor-s4vectors-0.36.0-r42h4c50009_1.tar.bz2#da77b3bdd6b896af26b0ed2bc9170dce
https://conda.anaconda.org/conda-forge/osx-64/r-askpass-1.2.0-r42h6dc245f_0.conda#89998fb90b0fb5cad5761730aac31747
https://conda.anaconda.org/conda-forge/osx-64/r-bit64-4.0.5-r42h6dc245f_2.conda#1b9c8f4bb1064ec3a6685ada66db0a84
https://conda.anaconda.org/conda-forge/osx-64/r-cachem-1.1.0-r42h6b9d099_0.conda#545571d57b72c338661cac565326cbfa
https://conda.anaconda.org/conda-forge/osx-64/r-ellipsis-0.3.2-r42h6dc245f_2.conda#8befd760c6fba3b40f90b297245ec0b8
https://conda.anaconda.org/conda-forge/noarch/r-lambda.r-1.2.4-r42hc72bb7e_3.conda#cec65435c9d1160da986502241f119c5
https://conda.anaconda.org/conda-forge/noarch/r-lifecycle-1.0.4-r42hc72bb7e_0.conda#7d00a412d44005a8714c192589143b81
https://conda.anaconda.org/conda-forge/osx-64/r-locfit-1.5_9.9-r42hb2c329c_0.conda#db84e346451fdba56ea7ed9ffca05498
https://conda.anaconda.org/conda-forge/osx-64/r-matrix-1.6_5-r42h39411cf_0.conda#4e12ee1363f0073a7e15d23f09f690a8
https://conda.anaconda.org/conda-forge/noarch/r-munsell-0.5.1-r42hc72bb7e_0.conda#e7036a0b18f2ee6b108fe12b908b18f3
https://conda.anaconda.org/conda-forge/osx-64/r-nlme-3.1_165-r42h9612530_0.conda#9ce9904bf0a5bca1398311c646b80e0b
https://conda.anaconda.org/conda-forge/osx-64/r-openxlsx-4.2.5.2-r42hac7d2d5_1.conda#ab6bdee4504f76caffd7a4d22ce0d4ce
https://conda.anaconda.org/conda-forge/osx-64/r-rcpparmadillo-0.12.8.4.0-r42h6a638e2_0.conda#b5639352c68a27815c3c18c84978e76e
https://conda.anaconda.org/conda-forge/osx-64/r-rcurl-1.98_1.14-r42hbd64cb6_0.conda#c58196a6003451fcb73873a91da6e4eb
https://conda.anaconda.org/bioconda/osx-64/bioconductor-iranges-2.32.0-r42h4c50009_1.tar.bz2#834a29afb3161141aab8c43ea9359982
https://conda.anaconda.org/conda-forge/noarch/r-futile.logger-1.4.3-r42hc72bb7e_1005.conda#fdc799d2053fc494c4a234698c349326
https://conda.anaconda.org/conda-forge/noarch/r-gtable-0.3.5-r42hc72bb7e_0.conda#b5cff9c0564c9fcd8b62632430a0cee5
https://conda.anaconda.org/conda-forge/noarch/r-memoise-2.0.1-r42hc72bb7e_2.conda#b463525f1d20873104e8d738c8e28b5e
https://conda.anaconda.org/conda-forge/osx-64/r-mgcv-1.9_1-r42hc8b66e8_0.conda#b13e0c8c9a3e01ecdb4dd596161c6907
https://conda.anaconda.org/conda-forge/osx-64/r-openssl-2.2.0-r42hc743e98_0.conda#496f5b33f469c5501355409df6612ed3
https://conda.anaconda.org/conda-forge/noarch/r-scales-1.3.0-r42hc72bb7e_0.conda#0af4021fe6d0047bbf7a34bf21c50bdd
https://conda.anaconda.org/conda-forge/osx-64/r-survival-3.7_0-r42h6b9d099_0.conda#bd808e27877353bd302bf7a21a31811f
https://conda.anaconda.org/conda-forge/osx-64/r-vctrs-0.6.5-r42h64b2c41_0.conda#90fd187385fc75ee77064bc4aef9ee6e
https://conda.anaconda.org/bioconda/osx-64/bioconductor-biocparallel-1.32.5-r42hc0ef7c4_1.tar.bz2#e85ae00326200c84345f46834bb7f9ff
https://conda.anaconda.org/bioconda/osx-64/bioconductor-delayedarray-0.24.0-r42h4c50009_1.tar.bz2#18848b1f050f08c77de02d803b6429a8
https://conda.anaconda.org/bioconda/noarch/bioconductor-genomeinfodb-1.34.9-r42hdfd78af_0.tar.bz2#10961a4cf078c3e368caa1465a45feca
https://conda.anaconda.org/bioconda/osx-64/bioconductor-xvector-0.38.0-r42h4c50009_1.tar.bz2#f19b7d05cc74a33a1091363c3b23e984
https://conda.anaconda.org/conda-forge/noarch/r-blob-1.2.4-r42hc72bb7e_1.conda#3c6f866c45c42158ff15bd8237aa68d1
https://conda.anaconda.org/conda-forge/noarch/r-httr-1.4.7-r42hc72bb7e_0.conda#5ea781f852e922b927ed46fa7e188e45
https://conda.anaconda.org/conda-forge/noarch/r-pillar-1.9.0-r42hc72bb7e_1.conda#07d5ce8e710897745f14c951ff947cdd
https://conda.anaconda.org/bioconda/osx-64/bioconductor-biostrings-2.66.0-r42h4c50009_1.tar.bz2#8dfe4add1aac17a62f3f92bb3fface86
https://conda.anaconda.org/bioconda/osx-64/bioconductor-genomicranges-1.50.0-r42h4c50009_1.tar.bz2#15bf16cec261eb86f830b7dff2105ecb
https://conda.anaconda.org/conda-forge/osx-64/r-rsqlite-2.3.4-r42h64b2c41_0.conda#fdb36949393ab10128ef7a8614e99253
https://conda.anaconda.org/conda-forge/osx-64/r-tibble-3.2.1-r42h6dc245f_2.conda#618b77101dcc7005eadfcbb29e6bf6d5
https://conda.anaconda.org/bioconda/noarch/bioconductor-keggrest-1.38.0-r42hdfd78af_0.tar.bz2#0bfca4c24d7e3d77fd0c425343dab7fe
https://conda.anaconda.org/bioconda/noarch/bioconductor-summarizedexperiment-1.28.0-r42hdfd78af_0.tar.bz2#3bfc1739950dd7f3f57b35c5ff6d59e7
https://conda.anaconda.org/conda-forge/noarch/r-ggplot2-3.5.1-r42hc72bb7e_0.conda#77cc0254e0dc92e5e7791ce20a170f74
https://conda.anaconda.org/bioconda/noarch/bioconductor-annotationdbi-1.60.0-r42hdfd78af_0.tar.bz2#c99dc80c410ee2cb813e59eb3c022b00
https://conda.anaconda.org/bioconda/noarch/bioconductor-annotate-1.76.0-r42hdfd78af_0.tar.bz2#c4ff237ef3e3833c2ceabb53978a3850
https://conda.anaconda.org/bioconda/osx-64/bioconductor-genefilter-1.80.0-r42hae0947f_1.tar.bz2#f29539d0411063d8bcf2e1abce9b158a
https://conda.anaconda.org/bioconda/noarch/bioconductor-geneplotter-1.76.0-r42hdfd78af_0.tar.bz2#936274098486d93cdc981f0cfd25aa58
https://conda.anaconda.org/bioconda/osx-64/bioconductor-deseq2-1.38.0-r42hc0ef7c4_1.tar.bz2#6301a3d04ba507325fe7261aa0e5bf89
