# Generated by conda-lock.
# platform: linux-64
# input_hash: 82721a29af70b5604d83d327e25a315b9372c4490da00e85025cc5089d0450f6
@EXPLICIT
https://conda.anaconda.org/conda-forge/linux-64/_libgcc_mutex-0.1-conda_forge.tar.bz2#d7c89558ba9fa0495403155b64376d81
https://conda.anaconda.org/conda-forge/noarch/_r-mutex-1.0.1-anacondar_1.tar.bz2#19f9db5f4f1b7f5ef5f6d67207f25f38
https://conda.anaconda.org/conda-forge/noarch/font-ttf-dejavu-sans-mono-2.37-hab24e00_0.tar.bz2#0c96522c6bdaed4b1566d11387caaf45
https://conda.anaconda.org/conda-forge/noarch/font-ttf-inconsolata-3.000-h77eed37_0.tar.bz2#34893075a5c9e55cdafac56607368fc6
https://conda.anaconda.org/conda-forge/noarch/font-ttf-source-code-pro-2.038-h77eed37_0.tar.bz2#4d59c254e01d9cde7957100457e2d5fb
https://conda.anaconda.org/conda-forge/noarch/font-ttf-ubuntu-0.83-h77eed37_3.conda#49023d73832ef61042f6a237cb2687e7
https://conda.anaconda.org/conda-forge/noarch/kernel-headers_linux-64-4.18.0-he073ed8_8.conda#ff007ab0f0fdc53d245972bba8a6d40c
https://conda.anaconda.org/conda-forge/noarch/python_abi-3.12-7_cp312.conda#0dfcdc155cf23812a0c9deada86fb723
https://conda.anaconda.org/conda-forge/noarch/tzdata-2025b-h78e105d_0.conda#4222072737ccff51314b5ece9c7d6f5a
https://conda.anaconda.org/conda-forge/noarch/ca-certificates-2025.7.14-hbd8a1cb_0.conda#d16c90324aef024877d8713c0b7fea5b
https://conda.anaconda.org/conda-forge/noarch/fonts-conda-forge-1-0.tar.bz2#f766549260d6815b0c52253f1fb1bb29
https://conda.anaconda.org/conda-forge/linux-64/ld_impl_linux-64-2.44-h1423503_1.conda#0be7c6e070c19105f966d3758448d018
https://conda.anaconda.org/conda-forge/noarch/libgcc-devel_linux-64-15.1.0-h4c094af_103.conda#ea67e87d658d31dc33818f9574563269
https://conda.anaconda.org/conda-forge/linux-64/libgomp-15.1.0-h767d61c_3.conda#3cd1a7238a0dd3d0860fdefc496cc854
https://conda.anaconda.org/conda-forge/noarch/libstdcxx-devel_linux-64-15.1.0-h4c094af_103.conda#83bbc814f0aeccccb5ea10267bea0d2e
https://conda.anaconda.org/conda-forge/noarch/sysroot_linux-64-2.28-h4ee821c_8.conda#1bad93f0aa428d618875ef3a588a889e
https://conda.anaconda.org/conda-forge/linux-64/_openmp_mutex-4.5-2_gnu.tar.bz2#73aaf86a425cc6e73fcf236a5a46396d
https://conda.anaconda.org/conda-forge/linux-64/binutils_impl_linux-64-2.44-h4bf12b8_1.conda#e45cfedc8ca5630e02c106ea36d2c5c6
https://conda.anaconda.org/conda-forge/noarch/fonts-conda-ecosystem-1-0.tar.bz2#fee5683a3f04bd15cbd8318b096a27ab
https://conda.anaconda.org/conda-forge/linux-64/libgcc-15.1.0-h767d61c_3.conda#9e60c55e725c20d23125a5f0dd69af5d
https://conda.anaconda.org/conda-forge/linux-64/alsa-lib-1.2.14-hb9d3cd8_0.conda#76df83c2a9035c54df5d04ff81bcc02d
https://conda.anaconda.org/conda-forge/linux-64/c-ares-1.34.5-hb9d3cd8_0.conda#f7f0d6cc2dc986d42ac2689ec88192be
https://conda.anaconda.org/conda-forge/linux-64/isa-l-2.31.1-hb9d3cd8_1.conda#00f364ec0a7e975ec9d2fc720b19c129
https://conda.anaconda.org/bioconda/linux-64/jq-1.5-0.tar.bz2#f380e0813e0752164752d9a9c63667d7
https://conda.anaconda.org/conda-forge/linux-64/libdeflate-1.22-hb9d3cd8_0.conda#b422943d5d772b7cc858b36ad2a92db5
https://conda.anaconda.org/conda-forge/linux-64/libexpat-2.7.1-hecca717_0.conda#4211416ecba1866fab0c6470986c22d6
https://conda.anaconda.org/conda-forge/linux-64/libffi-3.4.6-h2dba641_1.conda#ede4673863426c0883c0063d853bbd85
https://conda.anaconda.org/conda-forge/linux-64/libgcc-ng-15.1.0-h69a702a_3.conda#e66f2b8ad787e7beb0f846e4bd7e8493
https://conda.anaconda.org/conda-forge/linux-64/libgfortran5-15.1.0-hcea5267_3.conda#530566b68c3b8ce7eec4cd047eae19fe
https://conda.anaconda.org/conda-forge/linux-64/libiconv-1.18-h4ce23a2_1.conda#e796ff8ddc598affdf7c173d6145f087
https://conda.anaconda.org/conda-forge/linux-64/libjpeg-turbo-3.1.0-hb9d3cd8_0.conda#9fa334557db9f63da6c9285fd2a48638
https://conda.anaconda.org/conda-forge/linux-64/liblzma-5.8.1-hb9d3cd8_2.conda#1a580f7796c7bf6393fddb8bbbde58dc
https://conda.anaconda.org/conda-forge/linux-64/libnsl-2.0.1-hb9d3cd8_1.conda#d864d34357c3b65a4b731f78c0801dc4
https://conda.anaconda.org/conda-forge/linux-64/libstdcxx-15.1.0-h8f9b012_3.conda#6d11a5edae89fe413c0569f16d308f5a
https://conda.anaconda.org/conda-forge/linux-64/libwebp-base-1.6.0-hd42ef1d_0.conda#aea31d2e5b1091feca96fcfe945c3cf9
https://conda.anaconda.org/conda-forge/linux-64/libzlib-1.3.1-hb9d3cd8_2.conda#edb0dca6bc32e4f4789199455a1dbeb8
https://conda.anaconda.org/conda-forge/linux-64/make-4.4.1-hb9d3cd8_2.conda#33405d2a66b1411db9f7242c8b97c9e7
https://conda.anaconda.org/conda-forge/linux-64/ncurses-6.5-h2d0b736_3.conda#47e340acb35de30501a76c7c799c41d7
https://conda.anaconda.org/conda-forge/linux-64/openssl-3.5.1-h7b32b05_0.conda#c87df2ab1448ba69169652ab9547082d
https://conda.anaconda.org/conda-forge/linux-64/pthread-stubs-0.4-hb9d3cd8_1002.conda#b3c17d95b5a10c6e64a21fa17573e70e
https://conda.anaconda.org/conda-forge/linux-64/sed-4.9-h6688a6e_0.conda#171afc5f7ca0408bbccbcb69ade85f92
https://conda.anaconda.org/conda-forge/linux-64/xorg-libice-1.1.2-hb9d3cd8_0.conda#fb901ff28063514abb6046c9ec2c4a45
https://conda.anaconda.org/conda-forge/linux-64/xorg-libxau-1.0.12-hb9d3cd8_0.conda#f6ebe2cb3f82ba6c057dde5d9debe4f7
https://conda.anaconda.org/conda-forge/linux-64/xorg-libxdmcp-1.1.5-hb9d3cd8_0.conda#8035c64cb77ed555e3f150b7b3972480
https://conda.anaconda.org/conda-forge/linux-64/bzip2-1.0.8-h4bc722e_7.conda#62ee74e96c5ebb0af99386de58cf9553
https://conda.anaconda.org/conda-forge/linux-64/fribidi-1.0.10-h36c2ea0_0.tar.bz2#ac7bc6a654f8f41b352b38f4051135f8
https://conda.anaconda.org/conda-forge/linux-64/giflib-5.2.2-hd590300_0.conda#3bf7b9fd5a7136126e0234db4b87c8b6
https://conda.anaconda.org/conda-forge/linux-64/graphite2-1.3.14-h5888daf_0.conda#951ff8d9e5536896408e89d63230b8d5
https://conda.anaconda.org/conda-forge/linux-64/keyutils-1.6.1-h166bdaf_0.tar.bz2#30186d27e2c9fa62b45fb1476b7200e3
https://conda.anaconda.org/conda-forge/linux-64/lerc-4.0.0-h0aef613_1.conda#9344155d33912347b37f0ae6c410a835
https://conda.anaconda.org/conda-forge/linux-64/libedit-3.1.20250104-pl5321h7949ede_0.conda#c277e0a4d549b03ac1e9d6cbbe3d017b
https://conda.anaconda.org/conda-forge/linux-64/libev-4.33-hd590300_2.conda#172bf1cd1ff8629f2b1179945ed45055
https://conda.anaconda.org/conda-forge/linux-64/libgfortran-15.1.0-h69a702a_3.conda#bfbca721fd33188ef923dfe9ba172f29
https://conda.anaconda.org/conda-forge/linux-64/libpng-1.6.50-h943b412_0.conda#51de14db340a848869e69c632b43cca7
https://conda.anaconda.org/conda-forge/linux-64/libsanitizer-15.1.0-h97b714f_3.conda#bbcff9bf972a0437bea8e431e4b327bb
https://conda.anaconda.org/conda-forge/linux-64/libssh2-1.11.1-hcf80075_0.conda#eecce068c7e4eddeb169591baac20ac4
https://conda.anaconda.org/conda-forge/linux-64/libstdcxx-ng-15.1.0-h4852527_3.conda#57541755b5a51691955012b8e197c06c
https://conda.anaconda.org/conda-forge/linux-64/libuuid-2.38.1-h0b41bf4_0.conda#40b61aab5c7ba9ff276c41cfffe6b80b
https://conda.anaconda.org/conda-forge/linux-64/libxcb-1.17.0-h8a09558_0.conda#92ed62436b625154323d40d5f2f11dd7
https://conda.anaconda.org/conda-forge/linux-64/libxcrypt-4.4.36-hd590300_1.conda#5aa797f8787fe7a17d1b0821485b5adc
https://conda.anaconda.org/bioconda/linux-64/ncbi-vdb-3.2.1-h9948957_0.tar.bz2#c80d2359e66e4dd94bceedd55b752dff
https://conda.anaconda.org/conda-forge/linux-64/ossuuid-1.6.2-h5888daf_1001.conda#6cc16cf6cd2fd0b22844735f52468a98
https://conda.anaconda.org/conda-forge/linux-64/pigz-2.8-hadc24fc_1.conda#b7f0995c7c10a80015668a62f2b608e7
https://conda.anaconda.org/conda-forge/linux-64/pixman-0.46.2-h29eaf8c_0.conda#39b4228a867772d610c02e06f939a5b8
https://conda.anaconda.org/conda-forge/linux-64/readline-8.2-h8c095d6_2.conda#283b96675859b20a825f8fa30f311446
https://conda.anaconda.org/conda-forge/linux-64/tk-8.6.13-noxft_hd72426e_102.conda#a0116df4f4ed05c303811a837d5b39d8
https://conda.anaconda.org/conda-forge/linux-64/yaml-0.2.5-h7f98852_2.tar.bz2#4cb3ad778ec2d5a7acbdf254eb1c42ae
https://conda.anaconda.org/conda-forge/linux-64/zlib-1.3.1-hb9d3cd8_2.conda#c9f075ab2f33b3bbee9e62d4ad0a6cd8
https://conda.anaconda.org/conda-forge/linux-64/zlib-ng-2.2.4-h7955e40_0.conda#c8a816dbf59eb8ba6346a8f10014b302
https://conda.anaconda.org/conda-forge/linux-64/zstd-1.5.7-hb8e6e7a_2.conda#6432cb5d4ac0046c3ac0a8a0f95842f9
https://conda.anaconda.org/conda-forge/linux-64/bwidget-1.10.1-ha770c72_1.conda#983b92277d78c0d0ec498e460caa0e6d
https://conda.anaconda.org/conda-forge/linux-64/gcc_impl_linux-64-15.1.0-h4393ad2_3.conda#f39f96280dd8b1ec8cbd395a3d3fdd1e
https://conda.anaconda.org/conda-forge/linux-64/icu-75.1-he02047a_0.conda#8b189310083baabfb622af68fd9d3ae3
https://conda.anaconda.org/conda-forge/linux-64/krb5-1.21.3-h659f571_0.conda#3f43953b7d3fb3aaa1d0d0723d91e368
https://conda.anaconda.org/conda-forge/linux-64/libfreetype6-2.13.3-h48d6fc4_1.conda#3c255be50a506c50765a93a6644f32fe
https://conda.anaconda.org/conda-forge/linux-64/libgfortran-ng-15.1.0-h69a702a_3.conda#6e5d0574e57a38c36e674e9a18eee2b4
https://conda.anaconda.org/conda-forge/linux-64/libnghttp2-1.64.0-h161d5f1_0.conda#19e57602824042dfd0446292ef90488b
https://conda.anaconda.org/conda-forge/linux-64/libopenblas-0.3.30-pthreads_h94d23a6_0.conda#323dc8f259224d13078aaf7ce96c3efe
https://conda.anaconda.org/conda-forge/linux-64/libtiff-4.7.0-hc4654cb_2.conda#be54fb40ea32e8fe9dbaa94d4528b57e
https://conda.anaconda.org/conda-forge/linux-64/pbzip2-1.1.13-h1fcc475_2.conda#e1bf3c0868789f3ddf5d1aeb47bc60a6
https://conda.anaconda.org/conda-forge/linux-64/pcre2-10.45-hc749103_0.conda#b90bece58b4c2bf25969b70f3be42d25
https://conda.anaconda.org/conda-forge/linux-64/perl-5.32.1-7_hd590300_perl5.conda#f2cfec9406850991f4e3d960cc9e3321
https://conda.anaconda.org/conda-forge/linux-64/tktable-2.10-h8d826fa_7.conda#3ac51142c19ba95ae0fadefa333c9afb
https://conda.anaconda.org/conda-forge/linux-64/xorg-libsm-1.2.6-he73a12e_0.conda#1c74ff8c35dcadf952a16f752ca5aa49
https://conda.anaconda.org/conda-forge/linux-64/xorg-libx11-1.8.12-h4f16b4b_0.conda#db038ce880f100acc74dba10302b5630
https://conda.anaconda.org/conda-forge/linux-64/gfortran_impl_linux-64-15.1.0-h3b9cdf2_3.conda#649c5fe0593a880702e434bc375f3e8a
https://conda.anaconda.org/conda-forge/linux-64/gxx_impl_linux-64-15.1.0-h6a1bac1_3.conda#d71cc504fcfdbee8dd7925ebb9c2bf85
https://conda.anaconda.org/conda-forge/linux-64/lcms2-2.17-h717163a_0.conda#000e85703f0fd9594c81710dd5066471
https://conda.anaconda.org/conda-forge/linux-64/libblas-3.9.0-32_h59b9bed_openblas.conda#2af9f3d5c2e39f417ce040f5a35c40c6
https://conda.anaconda.org/conda-forge/linux-64/libcups-2.3.3-hb8b1518_5.conda#d4a250da4737ee127fb1fa6452a9002e
https://conda.anaconda.org/conda-forge/linux-64/libcurl-8.14.1-h332b0f4_0.conda#45f6713cb00f124af300342512219182
https://conda.anaconda.org/conda-forge/linux-64/libfreetype-2.13.3-ha770c72_1.conda#51f5be229d83ecd401fb369ab96ae669
https://conda.anaconda.org/conda-forge/linux-64/libglib-2.84.2-h3618099_0.conda#072ab14a02164b7c0c089055368ff776
https://conda.anaconda.org/conda-forge/linux-64/libsqlite-3.50.2-hee844dc_2.conda#be96b9fdd7b579159df77ece9bb80e48
https://conda.anaconda.org/conda-forge/linux-64/libxml2-2.13.8-h4bc477f_0.conda#14dbe05b929e329dbaa6f2d0aa19466d
https://conda.anaconda.org/bioconda/noarch/perl-capture-tiny-0.48-pl5321hdfd78af_2.tar.bz2#b69b3ca72d566f61f29839319be23b30
https://conda.anaconda.org/bioconda/noarch/perl-constant-1.33-pl5321hdfd78af_2.tar.bz2#bda05b652c9a6d069ccf520149e1c171
https://conda.anaconda.org/bioconda/linux-64/perl-data-dumper-2.183-pl5321hec16e2b_1.tar.bz2#5c6e392bf221c457ac40be350cfb2b90
https://conda.anaconda.org/bioconda/noarch/perl-exporter-5.72-pl5321hdfd78af_2.tar.bz2#7353e88329199d78b6e4c7bef4fc835e
https://conda.anaconda.org/conda-forge/noarch/perl-extutils-makemaker-7.70-pl5321hd8ed1ab_0.conda#ec3e57ed34f7765bfc7054a05868ce5d
https://conda.anaconda.org/bioconda/noarch/perl-ffi-checklib-0.28-pl5321hdfd78af_0.tar.bz2#05451eeb5e82ccf46831248c55c6218a
https://conda.anaconda.org/conda-forge/noarch/perl-file-which-1.24-pl5321hd8ed1ab_0.tar.bz2#94e5b2c9d56ef7c4c70ddf51ac38ae3d
https://conda.anaconda.org/bioconda/noarch/perl-importer-0.026-pl5321hdfd78af_0.tar.bz2#3188368f1c0b76ee2a72447aa63d141f
https://conda.anaconda.org/bioconda/linux-64/perl-mime-base64-3.16-pl5321hec16e2b_2.tar.bz2#df1e0427e5991a539e6a7520f3728bc9
https://conda.anaconda.org/bioconda/noarch/perl-parent-0.236-pl5321hdfd78af_2.tar.bz2#39654d6adccb863ac8973da0f745dd52
https://conda.anaconda.org/bioconda/noarch/perl-path-tiny-0.122-pl5321hdfd78af_0.tar.bz2#1c23854eee00ff2a1a4a6c4be04c12a6
https://conda.anaconda.org/bioconda/noarch/perl-scope-guard-0.21-pl5321hdfd78af_3.tar.bz2#5140ccada54e153883ccb0e1a6ff6bfd
https://conda.anaconda.org/bioconda/noarch/perl-xml-sax-base-1.09-pl5321hdfd78af_1.tar.bz2#f98548d82c9f4b27eca224211ab193df
https://conda.anaconda.org/conda-forge/linux-64/xorg-libxext-1.3.6-hb9d3cd8_0.conda#febbab7d15033c913d53c7a2c102309d
https://conda.anaconda.org/conda-forge/linux-64/xorg-libxfixes-6.0.1-hb9d3cd8_0.conda#4bdb303603e9821baf5fe5fdff1dc8f8
https://conda.anaconda.org/conda-forge/linux-64/xorg-libxrender-0.9.12-hb9d3cd8_0.conda#96d57aba173e878a2089d5638016dc5e
https://conda.anaconda.org/conda-forge/linux-64/xorg-libxt-1.3.1-hb9d3cd8_0.conda#279b0de5f6ba95457190a1c459a64e31
https://conda.anaconda.org/conda-forge/linux-64/curl-8.14.1-h332b0f4_0.conda#60279087a10b4ab59a70daa838894e4b
https://conda.anaconda.org/conda-forge/linux-64/freetype-2.13.3-ha770c72_1.conda#9ccd736d31e0c6e41f54e704e5312811
https://conda.anaconda.org/bioconda/linux-64/htslib-1.22.1-h566b1c6_0.tar.bz2#646b491ab86e0ab7173d35eb3a5f3241
https://conda.anaconda.org/conda-forge/linux-64/libhwloc-2.11.2-default_h3d81e11_1002.conda#56aacccb6356b6b6134a79cdf5688506
https://conda.anaconda.org/conda-forge/linux-64/liblapack-3.9.0-32_h7ac8fdf_openblas.conda#6c3f04ccb6c578138e9f9899da0bd714
https://conda.anaconda.org/bioconda/noarch/perl-carp-1.38-pl5321hdfd78af_4.tar.bz2#e4cbd5d05ff5018e31668ae0b4a47a05
https://conda.anaconda.org/bioconda/linux-64/perl-encode-3.19-pl5321hec16e2b_1.tar.bz2#b2925d6255f57feeb61b5fa04d99fbf3
https://conda.anaconda.org/conda-forge/noarch/perl-file-path-2.18-pl5321hd8ed1ab_0.tar.bz2#e13e456f61b8261ba074c0aa93086afe
https://conda.anaconda.org/bioconda/noarch/perl-xml-namespacesupport-1.12-pl5321hdfd78af_1.tar.bz2#845e2630e4ce38e8c855290a42274ed5
https://conda.anaconda.org/conda-forge/linux-64/python-3.12.11-h9e4cc4f_0_cpython.conda#94206474a5608243a10c92cefbe0908f
https://conda.anaconda.org/conda-forge/linux-64/xorg-libxi-1.8.2-hb9d3cd8_0.conda#17dcc85db3c7886650b8908b183d6876
https://conda.anaconda.org/conda-forge/linux-64/xorg-libxrandr-1.5.4-hb9d3cd8_0.conda#2de7f99d6581a4a7adbff607b5c278ca
https://conda.anaconda.org/conda-forge/noarch/argcomplete-3.6.2-pyhd8ed1ab_0.conda#eb9d4263271ca287d2e0cf5a86da2d3a
https://conda.anaconda.org/conda-forge/linux-64/fontconfig-2.15.0-h7e30c49_1.conda#8f5b0b297b59e1ac160ad4beec99dbee
https://conda.anaconda.org/bioconda/noarch/perl-business-isbn-data-20210112.006-pl5321hdfd78af_0.tar.bz2#9b57a4df4970f5d01a1da0f1807b862e
https://conda.anaconda.org/conda-forge/noarch/perl-file-temp-0.2304-pl5321hd8ed1ab_0.tar.bz2#0a039c4fc36748942287ee10d0431515
https://conda.anaconda.org/bioconda/linux-64/perl-pathtools-3.75-pl5321hec16e2b_3.tar.bz2#9afaabf835f20ff137b71dd25022687d
https://conda.anaconda.org/bioconda/noarch/perl-sub-info-0.002-pl5321hdfd78af_1.tar.bz2#e5ac8ff06112d6817b954b491e9c93ce
https://conda.anaconda.org/bioconda/noarch/perl-term-table-0.024-pl5321hdfd78af_0.tar.bz2#a1a7fa5cdba18a5409274e7b40f59c4f
https://conda.anaconda.org/conda-forge/noarch/pycparser-2.22-pyh29332c3_1.conda#12c566707c80111f9799308d9e265aef
https://conda.anaconda.org/conda-forge/linux-64/python-isal-1.7.2-py312h66e93f0_0.conda#d843b71b864a65b22b068997db1c46cf
https://conda.anaconda.org/conda-forge/linux-64/python-zlib-ng-0.5.1-py312h27ca174_0.conda#2367f713af9364cc7b14029764764069
https://conda.anaconda.org/conda-forge/linux-64/pyyaml-6.0.2-py312h178313f_2.conda#cf2485f39740de96e2a7f2bb18ed2fee
https://conda.anaconda.org/bioconda/linux-64/samtools-1.22.1-h96c455f_0.tar.bz2#7088984cee084e606b2826b1fc3b5906
https://conda.anaconda.org/conda-forge/noarch/setuptools-80.9.0-pyhff2d567_0.conda#4de79c071274a53dcaf2a8c749d1499e
https://conda.anaconda.org/conda-forge/linux-64/tbb-2022.1.0-h4ce085d_0.conda#f0afd0c7509f6c1b8d77ee64d7ba64b8
https://conda.anaconda.org/conda-forge/noarch/toml-0.10.2-pyhd8ed1ab_1.conda#b0dd904de08b7db706167240bf37b164
https://conda.anaconda.org/conda-forge/noarch/tomlkit-0.13.3-pyha770c72_0.conda#146402bf0f11cbeb8f781fa4309a95d3
https://conda.anaconda.org/conda-forge/noarch/wheel-0.45.1-pyhd8ed1ab_1.conda#75cb7132eb58d97896e173ef12ac9986
https://conda.anaconda.org/conda-forge/noarch/xmltodict-0.14.2-pyhd8ed1ab_1.conda#96ef17b8734b174d35346da0762f0137
https://conda.anaconda.org/conda-forge/linux-64/xorg-libxtst-1.2.5-hb9d3cd8_3.conda#7bbe9a0cc0df0ac5f5a8ad6d6a11af2f
https://conda.anaconda.org/bioconda/linux-64/bowtie-1.3.1-py312hf8dbd9f_10.tar.bz2#75b4f2ab20e8a4ff848ed6736d91fbdb
https://conda.anaconda.org/conda-forge/linux-64/cairo-1.18.4-h3394656_0.conda#09262e66b19567aff4f592fb53b28760
https://conda.anaconda.org/conda-forge/linux-64/cffi-1.17.1-py312h06ac9bb_0.conda#a861504bbea4161a9170b85d4d2be840
https://conda.anaconda.org/bioconda/noarch/perl-business-isbn-3.007-pl5321hdfd78af_0.tar.bz2#3cdaa3f73497365e08346443d81dac81
https://conda.anaconda.org/bioconda/noarch/perl-file-chdir-0.1010-pl5321hdfd78af_3.tar.bz2#e798e535d062ee1e3ab69b6c37d6535b
https://conda.anaconda.org/bioconda/noarch/perl-test2-suite-0.000163-pl5321hdfd78af_0.tar.bz2#6a29ce25ffd66ecc495a62a77a4dc0c2
https://conda.anaconda.org/bioconda/noarch/perl-xml-sax-1.02-pl5321hdfd78af_1.tar.bz2#2402f3f7aab47052aa38e00fe6a2de3d
https://conda.anaconda.org/conda-forge/noarch/pip-25.1.1-pyh8b19718_0.conda#32d0781ace05105cc99af55d36cbec7c
https://conda.anaconda.org/conda-forge/noarch/yq-3.4.3-pyhe01879c_2.conda#18cefe7c50c1228da474ea0e95a8e646
https://conda.anaconda.org/conda-forge/linux-64/harfbuzz-11.2.1-h3beb420_0.conda#0e6e192d4b3d95708ad192d957cf3163
https://conda.anaconda.org/bioconda/linux-64/perl-alien-build-2.84-pl5321h7b50bb2_1.tar.bz2#1966b7077b4cacfa9e2a2cb65723e9c1
https://conda.anaconda.org/bioconda/noarch/perl-uri-5.12-pl5321hdfd78af_0.tar.bz2#6b571eaa643024a4bdaa12704928375f
https://conda.anaconda.org/conda-forge/linux-64/zstandard-0.23.0-py312h66e93f0_2.conda#630db208bc7bbb96725ce9832c7423bb
https://conda.anaconda.org/conda-forge/linux-64/openjdk-23.0.2-h53dfc1b_2.conda#47eea31e0c3f960459237823e5e21a32
https://conda.anaconda.org/conda-forge/linux-64/pango-1.56.4-hadf4263_0.conda#79f71230c069a287efe3a8614069ddf1
https://conda.anaconda.org/bioconda/linux-64/perl-alien-libxml2-0.17-pl5321h577a1d6_1.tar.bz2#f89f1fd0808f00264371a41186abbcef
https://conda.anaconda.org/conda-forge/noarch/xopen-2.0.2-pyh707e725_2.conda#afacb06c53d3e8dfb8462023436a25bb
https://conda.anaconda.org/bioconda/linux-64/dnaio-1.2.2-py312hf67a6ed_0.tar.bz2#fe9505722563ed4f26aa055c99e4bf2e
https://conda.anaconda.org/bioconda/noarch/fastqc-0.12.1-hdfd78af_0.tar.bz2#c9f6a4b12229f7331f79c9a00dd6e240
https://conda.anaconda.org/bioconda/linux-64/perl-xml-libxml-2.0210-pl5321hf886d80_0.tar.bz2#ee29e9d7e2f57fa48b6da8ea82ab9e61
https://conda.anaconda.org/conda-forge/linux-64/r-base-4.2.3-h2d83a99_19.conda#f8de08e95778697a9a4921b7b047a424
https://conda.anaconda.org/bioconda/noarch/bioconductor-biocgenerics-0.44.0-r42hdfd78af_0.tar.bz2#ad7705e81b15e89b8aac79e3c7e0c596
https://conda.anaconda.org/bioconda/noarch/bioconductor-data-packages-20250625-hdfd78af_0.tar.bz2#34d7066b99d7e6769305dcebf0a9de87
https://conda.anaconda.org/bioconda/linux-64/bioconductor-zlibbioc-1.44.0-r42ha9d7317_2.tar.bz2#0fb14b59c4a4b146ff76e18c28150f97
https://conda.anaconda.org/bioconda/linux-64/cutadapt-5.1-py312h0fa9677_0.tar.bz2#4f33d43d9fd39f6436dce03f942732d2
https://conda.anaconda.org/conda-forge/noarch/r-bh-1.84.0_0-r42hc72bb7e_0.conda#b76de87dcae12f856e0f2ca5892cf5c9
https://conda.anaconda.org/conda-forge/linux-64/r-bit-4.0.5-r42h57805ef_1.conda#4ccc4000f0768acfe453595cd8e55560
https://conda.anaconda.org/conda-forge/linux-64/r-bitops-1.0_7-r42h57805ef_2.conda#c6f7eaedad3682b5d82088d89c3be035
https://conda.anaconda.org/conda-forge/linux-64/r-cli-3.6.3-r42ha18555a_0.conda#93fc8055b8aee751e201604a02d7d06f
https://conda.anaconda.org/conda-forge/noarch/r-codetools-0.2_20-r42hc72bb7e_0.conda#a9e9276ab95d053b9db56159cfeda2c9
https://conda.anaconda.org/conda-forge/linux-64/r-colorspace-2.1_0-r42h57805ef_1.conda#68ec691b072953b496ca1a4d83b2bc3d
https://conda.anaconda.org/conda-forge/noarch/r-cpp11-0.5.2-r42hc72bb7e_0.conda#b5301b69519771c1ab4e4d4175a4d798
https://conda.anaconda.org/conda-forge/noarch/r-crayon-1.5.3-r42hc72bb7e_0.conda#4a74a6114bbea1ad8d488e99b83df3da
https://conda.anaconda.org/conda-forge/linux-64/r-curl-5.1.0-r42hf9611b0_0.conda#e6fe2344ef3db318300971fa3fe20446
https://conda.anaconda.org/conda-forge/noarch/r-dbi-1.2.3-r42hc72bb7e_0.conda#b283bb5431a4b960cfa3f82043d1437b
https://conda.anaconda.org/conda-forge/linux-64/r-fansi-1.0.6-r42h57805ef_0.conda#c12524190662098e2e8a245a3d1bc7dc
https://conda.anaconda.org/conda-forge/linux-64/r-farver-2.1.2-r42ha18555a_0.conda#475d7bcc6de3c5851b112675eb55f497
https://conda.anaconda.org/conda-forge/linux-64/r-fastmap-1.2.0-r42ha18555a_0.conda#5e0e7df5fe616ddf85ada76922779811
https://conda.anaconda.org/conda-forge/noarch/r-formatr-1.14-r42hc72bb7e_1.conda#5f3a9262f18e0eb806d688f110938ca9
https://conda.anaconda.org/conda-forge/noarch/r-futile.options-1.0.1-r42hc72bb7e_1004.conda#7c630b9ab8098aa41937b5e061d7ae35
https://conda.anaconda.org/conda-forge/linux-64/r-glue-1.7.0-r42h57805ef_0.conda#eab803a28d66337ae3732b04c5f5604f
https://conda.anaconda.org/conda-forge/linux-64/r-isoband-0.2.7-r42ha503ecb_2.conda#44979df954a15195470f336cd18b5eb6
https://conda.anaconda.org/conda-forge/linux-64/r-jsonlite-1.8.8-r42h57805ef_0.conda#d0b27ba963de139270a7b53f897afdf6
https://conda.anaconda.org/conda-forge/noarch/r-labeling-0.4.3-r42hc72bb7e_0.conda#b9b940011dd81d8b60859fcd0d9775f4
https://conda.anaconda.org/conda-forge/linux-64/r-lattice-0.22_6-r42h57805ef_0.conda#93cee3961cc5277443a3e437f6991010
https://conda.anaconda.org/conda-forge/linux-64/r-magrittr-2.0.3-r42h57805ef_2.conda#ea3b13247660dd534a745a26f8d02365
https://conda.anaconda.org/conda-forge/linux-64/r-mass-7.3_60.0.1-r42h57805ef_0.conda#0427fa6c4da6a4b2e43d8dfd022e933b
https://conda.anaconda.org/conda-forge/linux-64/r-matrixstats-1.3.0-r42h57805ef_0.conda#f657f9a6ae93ec6fe3ec4f5bd97e35ad
https://conda.anaconda.org/conda-forge/linux-64/r-mime-0.12-r42h57805ef_2.conda#befffa58ea2ce9a56476c88f41f57282
https://conda.anaconda.org/conda-forge/noarch/r-pkgconfig-2.0.3-r42hc72bb7e_3.conda#469b66f84a5d234689b423c9821b188c
https://conda.anaconda.org/conda-forge/noarch/r-plogr-0.2.0-r42hc72bb7e_1005.conda#a5e3af4a9dd9498cbbaac8ce73cdc877
https://conda.anaconda.org/conda-forge/linux-64/r-png-0.1_8-r42h81d01c5_1.conda#928b61a3ec772a52a92f05251c16d3f9
https://conda.anaconda.org/conda-forge/noarch/r-r6-2.5.1-r42hc72bb7e_2.conda#1473a12b55128f8ac776ae5595a4d0cb
https://conda.anaconda.org/conda-forge/noarch/r-rcolorbrewer-1.1_3-r42h785f33e_2.conda#b7b475c73493f70cbbb9d7213b94aed1
https://conda.anaconda.org/conda-forge/linux-64/r-rcpp-1.0.12-r42h7df8631_0.conda#096448d673973c0e45b9d803da251971
https://conda.anaconda.org/conda-forge/linux-64/r-rlang-1.1.4-r42ha18555a_0.conda#ab6364a17b32268b82c46f09695a9cc9
https://conda.anaconda.org/conda-forge/noarch/r-snow-0.4_4-r42hc72bb7e_2.conda#97cc50b630391cbc89ea70425ebb6ade
https://repo.anaconda.com/pkgs/r/linux-64/r-stringi-1.7.6-r42h884c59f_0.conda#1d4b57f7c555d2f51cd1ef10bb6e09a2
https://conda.anaconda.org/conda-forge/linux-64/r-sys-3.4.2-r42h57805ef_1.conda#3fd09c0862884f7d32ddb490df556701
https://conda.anaconda.org/conda-forge/linux-64/r-utf8-1.2.4-r42h57805ef_0.conda#1da2e3bcbf75c6ddc3466941d88ff93f
https://conda.anaconda.org/conda-forge/noarch/r-viridislite-0.4.2-r42hc72bb7e_1.conda#e7a6483f639fb958747100bd17550ed6
https://conda.anaconda.org/conda-forge/noarch/r-withr-3.0.0-r42hc72bb7e_0.conda#972eaab581c25fff9ea6986aa6ab281a
https://conda.anaconda.org/conda-forge/linux-64/r-xml-3.99_0.17-r42h75ea78e_0.conda#b5b4e2d1a12bf9b33e962616d7575300
https://conda.anaconda.org/conda-forge/noarch/r-xtable-1.8_4-r42hc72bb7e_5.conda#07daad79fd80a6a8483dc4a6a2f9479e
https://conda.anaconda.org/conda-forge/linux-64/r-zip-2.3.1-r42h57805ef_0.conda#11c1722d43f5d2aa59c8fe684158eacd
https://conda.anaconda.org/bioconda/linux-64/sra-tools-3.2.1-h4304569_1.tar.bz2#e25d29bf7be97231d3d01fedeb7e01c0
https://conda.anaconda.org/bioconda/linux-64/bioconductor-biobase-2.58.0-r42ha9d7317_1.tar.bz2#8f466258daed48876021958b5fa66686
https://conda.anaconda.org/bioconda/noarch/bioconductor-genomeinfodbdata-1.2.9-r42hdfd78af_0.tar.bz2#4af93b040f3a44af5804ab44066ee7cd
https://conda.anaconda.org/bioconda/noarch/bioconductor-matrixgenerics-1.10.0-r42hdfd78af_0.tar.bz2#5ef80e5c26d03a75d62e2ee02054e665
https://conda.anaconda.org/bioconda/linux-64/bioconductor-s4vectors-0.36.0-r42ha9d7317_1.tar.bz2#4ff37e41e059c0fef1c61706dbd9b711
https://conda.anaconda.org/conda-forge/linux-64/r-askpass-1.2.0-r42h57805ef_0.conda#ed72932727c35b0ab14b9b99b3c2aee3
https://conda.anaconda.org/conda-forge/linux-64/r-bit64-4.0.5-r42h57805ef_2.conda#f1a2bf52456654df3204bb392cca9c44
https://conda.anaconda.org/conda-forge/linux-64/r-cachem-1.1.0-r42hb1dbf0f_0.conda#05cce57cbccd64df905864c9703e5b9c
https://conda.anaconda.org/conda-forge/linux-64/r-ellipsis-0.3.2-r42h57805ef_2.conda#1673236a1895ca5cce15c888435ad2f9
https://conda.anaconda.org/conda-forge/noarch/r-lambda.r-1.2.4-r42hc72bb7e_3.conda#cec65435c9d1160da986502241f119c5
https://conda.anaconda.org/conda-forge/noarch/r-lifecycle-1.0.4-r42hc72bb7e_0.conda#7d00a412d44005a8714c192589143b81
https://conda.anaconda.org/conda-forge/linux-64/r-locfit-1.5_9.9-r42h57805ef_0.conda#b200543f6bfab16dd4ee734d7d3f46ee
https://conda.anaconda.org/conda-forge/linux-64/r-matrix-1.6_5-r42h316c678_0.conda#4f52f9c56146c8692503a7d2057ba7ba
https://conda.anaconda.org/conda-forge/noarch/r-munsell-0.5.1-r42hc72bb7e_0.conda#e7036a0b18f2ee6b108fe12b908b18f3
https://conda.anaconda.org/conda-forge/linux-64/r-nlme-3.1_165-r42hbcb9c34_0.conda#a83fa459c53c4674ee394b80b7b2fbd5
https://conda.anaconda.org/conda-forge/linux-64/r-openxlsx-4.2.5.2-r42ha503ecb_1.conda#95d77575897426f44fbddc37c277dbf4
https://conda.anaconda.org/conda-forge/linux-64/r-rcpparmadillo-0.12.8.4.0-r42h58a4165_0.conda#49973fea110c814e316d8277bb08e516
https://conda.anaconda.org/conda-forge/linux-64/r-rcurl-1.98_1.14-r42hf9611b0_0.conda#df1d68c3203a192ad7a2a73829b723df
https://conda.anaconda.org/bioconda/noarch/trim-galore-0.6.10-hdfd78af_1.tar.bz2#67b36a326f55cd5b3f0816c33ee77fcb
https://conda.anaconda.org/bioconda/linux-64/bioconductor-iranges-2.32.0-r42ha9d7317_1.tar.bz2#0ede4ac5865e2cbe0edacb6d5a2b4f76
https://conda.anaconda.org/conda-forge/noarch/r-futile.logger-1.4.3-r42hc72bb7e_1005.conda#fdc799d2053fc494c4a234698c349326
https://conda.anaconda.org/conda-forge/noarch/r-gtable-0.3.5-r42hc72bb7e_0.conda#b5cff9c0564c9fcd8b62632430a0cee5
https://conda.anaconda.org/conda-forge/noarch/r-memoise-2.0.1-r42hc72bb7e_2.conda#b463525f1d20873104e8d738c8e28b5e
https://conda.anaconda.org/conda-forge/linux-64/r-mgcv-1.9_1-r42h316c678_0.conda#5c3d738118f5948f6cc29ccb63d6e2ff
https://conda.anaconda.org/conda-forge/linux-64/r-openssl-2.2.0-r42hd7d0243_0.conda#9b4e444f1f13873b9727fba6651608ae
https://conda.anaconda.org/conda-forge/noarch/r-scales-1.3.0-r42hc72bb7e_0.conda#0af4021fe6d0047bbf7a34bf21c50bdd
https://conda.anaconda.org/conda-forge/linux-64/r-survival-3.7_0-r42hb1dbf0f_0.conda#d932e792e0f6428bd0a6e115496e7567
https://conda.anaconda.org/conda-forge/linux-64/r-vctrs-0.6.5-r42ha503ecb_0.conda#5689030c60302fb5bb7a48b54c11dbe8
https://conda.anaconda.org/bioconda/linux-64/bioconductor-biocparallel-1.32.5-r42hf17093f_1.tar.bz2#4b8d5c357472319d1ac790f0c1864586
https://conda.anaconda.org/bioconda/linux-64/bioconductor-delayedarray-0.24.0-r42ha9d7317_1.tar.bz2#5d7d600f0be04e8b7c236171df94b667
https://conda.anaconda.org/bioconda/noarch/bioconductor-genomeinfodb-1.34.9-r42hdfd78af_0.tar.bz2#10961a4cf078c3e368caa1465a45feca
https://conda.anaconda.org/bioconda/linux-64/bioconductor-xvector-0.38.0-r42ha9d7317_1.tar.bz2#eb5ece9b227b55a9c20ab165a9f97087
https://conda.anaconda.org/conda-forge/noarch/r-blob-1.2.4-r42hc72bb7e_1.conda#3c6f866c45c42158ff15bd8237aa68d1
https://conda.anaconda.org/conda-forge/noarch/r-httr-1.4.7-r42hc72bb7e_0.conda#5ea781f852e922b927ed46fa7e188e45
https://conda.anaconda.org/conda-forge/noarch/r-pillar-1.9.0-r42hc72bb7e_1.conda#07d5ce8e710897745f14c951ff947cdd
https://conda.anaconda.org/bioconda/linux-64/bioconductor-biostrings-2.66.0-r42ha9d7317_1.tar.bz2#42ec86503c7e99250a649a289e42931b
https://conda.anaconda.org/bioconda/linux-64/bioconductor-genomicranges-1.50.0-r42ha9d7317_1.tar.bz2#cabdf824b390b5a2079139635d357b05
https://conda.anaconda.org/conda-forge/linux-64/r-rsqlite-2.3.4-r42ha503ecb_0.conda#b2fe420afd78168c561084cf4c35eef3
https://conda.anaconda.org/conda-forge/linux-64/r-tibble-3.2.1-r42h57805ef_2.conda#b1278a5148c9e52679bb72112770cdc3
https://conda.anaconda.org/bioconda/noarch/bioconductor-keggrest-1.38.0-r42hdfd78af_0.tar.bz2#0bfca4c24d7e3d77fd0c425343dab7fe
https://conda.anaconda.org/bioconda/noarch/bioconductor-summarizedexperiment-1.28.0-r42hdfd78af_0.tar.bz2#3bfc1739950dd7f3f57b35c5ff6d59e7
https://conda.anaconda.org/conda-forge/noarch/r-ggplot2-3.5.1-r42hc72bb7e_0.conda#77cc0254e0dc92e5e7791ce20a170f74
https://conda.anaconda.org/bioconda/noarch/bioconductor-annotationdbi-1.60.0-r42hdfd78af_0.tar.bz2#c99dc80c410ee2cb813e59eb3c022b00
https://conda.anaconda.org/bioconda/noarch/bioconductor-annotate-1.76.0-r42hdfd78af_0.tar.bz2#c4ff237ef3e3833c2ceabb53978a3850
https://conda.anaconda.org/bioconda/linux-64/bioconductor-genefilter-1.80.0-r42ha1e849b_1.tar.bz2#357c1b03e559ea846ffeaba2a7cd39f3
https://conda.anaconda.org/bioconda/noarch/bioconductor-geneplotter-1.76.0-r42hdfd78af_0.tar.bz2#936274098486d93cdc981f0cfd25aa58
https://conda.anaconda.org/bioconda/linux-64/bioconductor-deseq2-1.38.0-r42hf17093f_1.tar.bz2#629ea1749b8f224dd7e7980eeffbee95
